{"is_source_file": false, "format": "", "description": "", "external_files": [], "external_methods": [], "published": [], "classes": [], "methods": [], "calls": [], "search-terms": [], "state": 2, "file_id": 2, "knowledge_revision": 24, "git_revision": "333a831d22899c624be1cf82b52504f6d4120083", "hash": "9c4ed7ef73e22b872b8055bec08b8979", "format-version": 4, "code-base-name": "default", "filename": "cricketarena/post_process_status.lock", "revision_history": [{"24": "333a831d22899c624be1cf82b52504f6d4120083"}]}